// !$*UTF8*$!
{
	archiveVersion = 1;
	classes = {
	};
	objectVersion = 48;
	objects = {

/* Begin PBXBuildFile section */
		A22A17FE1FBBB138007D1FE5 /* main.cpp in Sources */ = {isa = PBXBuildFile; fileRef = A22A17FD1FBBB138007D1FE5 /* main.cpp */; };
		A22A18081FBBBC0F007D1FE5 /* TreeNode.cpp in Sources */ = {isa = PBXBuildFile; fileRef = A22A18071FBBBC0F007D1FE5 /* TreeNode.cpp */; };
		A22A180A1FBBBD7F007D1FE5 /* TreeDB.cpp in Sources */ = {isa = PBXBuildFile; fileRef = A22A18091FBBBD7F007D1FE5 /* TreeDB.cpp */; };
		A22A180C1FBBBF60007D1FE5 /* DBentry.cpp in Sources */ = {isa = PBXBuildFile; fileRef = A22A180B1FBBBF60007D1FE5 /* DBentry.cpp */; };
/* End PBXBuildFile section */

/* Begin PBXCopyFilesBuildPhase section */
		A22A17F81FBBB138007D1FE5 /* CopyFiles */ = {
			isa = PBXCopyFilesBuildPhase;
			buildActionMask = 2147483647;
			dstPath = /usr/share/man/man1/;
			dstSubfolderSpec = 0;
			files = (
			);
			runOnlyForDeploymentPostprocessing = 1;
		};
/* End PBXCopyFilesBuildPhase section */

/* Begin PBXFileReference section */
		A22A17FA1FBBB138007D1FE5 /* lab5_dnstree */ = {isa = PBXFileReference; explicitFileType = "compiled.mach-o.executable"; includeInIndex = 0; path = lab5_dnstree; sourceTree = BUILT_PRODUCTS_DIR; };
		A22A17FD1FBBB138007D1FE5 /* main.cpp */ = {isa = PBXFileReference; lastKnownFileType = sourcecode.cpp.cpp; path = main.cpp; sourceTree = "<group>"; };
		A22A18041FBBB158007D1FE5 /* DBentry.h */ = {isa = PBXFileReference; lastKnownFileType = sourcecode.c.h; path = DBentry.h; sourceTree = "<group>"; };
		A22A18051FBBB164007D1FE5 /* TreeDB.h */ = {isa = PBXFileReference; lastKnownFileType = sourcecode.c.h; path = TreeDB.h; sourceTree = "<group>"; };
		A22A18061FBBB164007D1FE5 /* TreeNode.h */ = {isa = PBXFileReference; lastKnownFileType = sourcecode.c.h; path = TreeNode.h; sourceTree = "<group>"; };
		A22A18071FBBBC0F007D1FE5 /* TreeNode.cpp */ = {isa = PBXFileReference; lastKnownFileType = sourcecode.cpp.cpp; path = TreeNode.cpp; sourceTree = "<group>"; };
		A22A18091FBBBD7F007D1FE5 /* TreeDB.cpp */ = {isa = PBXFileReference; lastKnownFileType = sourcecode.cpp.cpp; path = TreeDB.cpp; sourceTree = "<group>"; };
		A22A180B1FBBBF60007D1FE5 /* DBentry.cpp */ = {isa = PBXFileReference; lastKnownFileType = sourcecode.cpp.cpp; path = DBentry.cpp; sourceTree = "<group>"; };
/* End PBXFileReference section */

/* Begin PBXFrameworksBuildPhase section */
		A22A17F71FBBB138007D1FE5 /* Frameworks */ = {
			isa = PBXFrameworksBuildPhase;
			buildActionMask = 2147483647;
			files = (
			);
			runOnlyForDeploymentPostprocessing = 0;
		};
/* End PBXFrameworksBuildPhase section */

/* Begin PBXGroup section */
		A22A17F11FBBB138007D1FE5 = {
			isa = PBXGroup;
			children = (
				A22A17FC1FBBB138007D1FE5 /* lab5_dnstree */,
				A22A17FB1FBBB138007D1FE5 /* Products */,
			);
			sourceTree = "<group>";
		};
		A22A17FB1FBBB138007D1FE5 /* Products */ = {
			isa = PBXGroup;
			children = (
				A22A17FA1FBBB138007D1FE5 /* lab5_dnstree */,
			);
			name = Products;
			sourceTree = "<group>";
		};
		A22A17FC1FBBB138007D1FE5 /* lab5_dnstree */ = {
			isa = PBXGroup;
			children = (
				A22A17FD1FBBB138007D1FE5 /* main.cpp */,
				A22A18041FBBB158007D1FE5 /* DBentry.h */,
				A22A180B1FBBBF60007D1FE5 /* DBentry.cpp */,
				A22A18051FBBB164007D1FE5 /* TreeDB.h */,
				A22A18091FBBBD7F007D1FE5 /* TreeDB.cpp */,
				A22A18061FBBB164007D1FE5 /* TreeNode.h */,
				A22A18071FBBBC0F007D1FE5 /* TreeNode.cpp */,
			);
			path = lab5_dnstree;
			sourceTree = "<group>";
		};
/* End PBXGroup section */

/* Begin PBXNativeTarget section */
		A22A17F91FBBB138007D1FE5 /* lab5_dnstree */ = {
			isa = PBXNativeTarget;
			buildConfigurationList = A22A18011FBBB138007D1FE5 /* Build configuration list for PBXNativeTarget "lab5_dnstree" */;
			buildPhases = (
				A22A17F61FBBB138007D1FE5 /* Sources */,
				A22A17F71FBBB138007D1FE5 /* Frameworks */,
				A22A17F81FBBB138007D1FE5 /* CopyFiles */,
			);
			buildRules = (
			);
			dependencies = (
			);
			name = lab5_dnstree;
			productName = lab5_dnstree;
			productReference = A22A17FA1FBBB138007D1FE5 /* lab5_dnstree */;
			productType = "com.apple.product-type.tool";
		};
/* End PBXNativeTarget section */

/* Begin PBXProject section */
		A22A17F21FBBB138007D1FE5 /* Project object */ = {
			isa = PBXProject;
			attributes = {
				LastUpgradeCheck = 0910;
				ORGANIZATIONNAME = "Jingwei Zhang";
				TargetAttributes = {
					A22A17F91FBBB138007D1FE5 = {
						CreatedOnToolsVersion = 9.1;
						ProvisioningStyle = Automatic;
					};
				};
			};
			buildConfigurationList = A22A17F51FBBB138007D1FE5 /* Build configuration list for PBXProject "lab5_dnstree" */;
			compatibilityVersion = "Xcode 8.0";
			developmentRegion = en;
			hasScannedForEncodings = 0;
			knownRegions = (
				en,
			);
			mainGroup = A22A17F11FBBB138007D1FE5;
			productRefGroup = A22A17FB1FBBB138007D1FE5 /* Products */;
			projectDirPath = "";
			projectRoot = "";
			targets = (
				A22A17F91FBBB138007D1FE5 /* lab5_dnstree */,
			);
		};
/* End PBXProject section */

/* Begin PBXSourcesBuildPhase section */
		A22A17F61FBBB138007D1FE5 /* Sources */ = {
			isa = PBXSourcesBuildPhase;
			buildActionMask = 2147483647;
			files = (
				A22A180C1FBBBF60007D1FE5 /* DBentry.cpp in Sources */,
				A22A180A1FBBBD7F007D1FE5 /* TreeDB.cpp in Sources */,
				A22A17FE1FBBB138007D1FE5 /* main.cpp in Sources */,
				A22A18081FBBBC0F007D1FE5 /* TreeNode.cpp in Sources */,
			);
			runOnlyForDeploymentPostprocessing = 0;
		};
/* End PBXSourcesBuildPhase section */

/* Begin XCBuildConfiguration section */
		A22A17FF1FBBB138007D1FE5 /* Debug */ = {
			isa = XCBuildConfiguration;
			buildSettings = {
				ALWAYS_SEARCH_USER_PATHS = NO;
				CLANG_ANALYZER_NONNULL = YES;
				CLANG_ANALYZER_NUMBER_OBJECT_CONVERSION = YES_AGGRESSIVE;
				CLANG_CXX_LANGUAGE_STANDARD = "gnu++14";
				CLANG_CXX_LIBRARY = "libc++";
				CLANG_ENABLE_MODULES = YES;
				CLANG_ENABLE_OBJC_ARC = YES;
				CLANG_WARN_BLOCK_CAPTURE_AUTORELEASING = YES;
				CLANG_WARN_BOOL_CONVERSION = YES;
				CLANG_WARN_COMMA = YES;
				CLANG_WARN_CONSTANT_CONVERSION = YES;
				CLANG_WARN_DIRECT_OBJC_ISA_USAGE = YES_ERROR;
				CLANG_WARN_DOCUMENTATION_COMMENTS = YES;
				CLANG_WARN_EMPTY_BODY = YES;
				CLANG_WARN_ENUM_CONVERSION = YES;
				CLANG_WARN_INFINITE_RECURSION = YES;
				CLANG_WARN_INT_CONVERSION = YES;
				CLANG_WARN_NON_LITERAL_NULL_CONVERSION = YES;
				CLANG_WARN_OBJC_LITERAL_CONVERSION = YES;
				CLANG_WARN_OBJC_ROOT_CLASS = YES_ERROR;
				CLANG_WARN_RANGE_LOOP_ANALYSIS = YES;
				CLANG_WARN_STRICT_PROTOTYPES = YES;
				CLANG_WARN_SUSPICIOUS_MOVE = YES;
				CLANG_WARN_UNGUARDED_AVAILABILITY = YES_AGGRESSIVE;
				CLANG_WARN_UNREACHABLE_CODE = YES;
				CLANG_WARN__DUPLICATE_METHOD_MATCH = YES;
				CODE_SIGN_IDENTITY = "-";
				COPY_PHASE_STRIP = NO;
				DEBUG_INFORMATION_FORMAT = dwarf;
				ENABLE_STRICT_OBJC_MSGSEND = YES;
				ENABLE_TESTABILITY = YES;
				GCC_C_LANGUAGE_STANDARD = gnu11;
				GCC_DYNAMIC_NO_PIC = NO;
				GCC_NO_COMMON_BLOCKS = YES;
				GCC_OPTIMIZATION_LEVEL = 0;
				GCC_PREPROCESSOR_DEFINITIONS = (
					"DEBUG=1",
					"$(inherited)",
				);
				GCC_WARN_64_TO_32_BIT_CONVERSION = YES;
				GCC_WARN_ABOUT_RETURN_TYPE = YES_ERROR;
				GCC_WARN_UNDECLARED_SELECTOR = YES;
				GCC_WARN_UNINITIALIZED_AUTOS = YES_AGGRESSIVE;
				GCC_WARN_UNUSED_FUNCTION = YES;
				GCC_WARN_UNUSED_VARIABLE = YES;
				MACOSX_DEPLOYMENT_TARGET = 10.13;
				MTL_ENABLE_DEBUG_INFO = YES;
				ONLY_ACTIVE_ARCH = YES;
				SDKROOT = macosx;
			};
			name = Debug;
		};
		A22A18001FBBB138007D1FE5 /* Release */ = {
			isa = XCBuildConfiguration;
			buildSettings = {
				ALWAYS_SEARCH_USER_PATHS = NO;
				CLANG_ANALYZER_NONNULL = YES;
				CLANG_ANALYZER_NUMBER_OBJECT_CONVERSION = YES_AGGRESSIVE;
				CLANG_CXX_LANGUAGE_STANDARD = "gnu++14";
				CLANG_CXX_LIBRARY = "libc++";
				CLANG_ENABLE_MODULES = YES;
				CLANG_ENABLE_OBJC_ARC = YES;
				CLANG_WARN_BLOCK_CAPTURE_AUTORELEASING = YES;
				CLANG_WARN_BOOL_CONVERSION = YES;
				CLANG_WARN_COMMA = YES;
				CLANG_WARN_CONSTANT_CONVERSION = YES;
				CLANG_WARN_DIRECT_OBJC_ISA_USAGE = YES_ERROR;
				CLANG_WARN_DOCUMENTATION_COMMENTS = YES;
				CLANG_WARN_EMPTY_BODY = YES;
				CLANG_WARN_ENUM_CONVERSION = YES;
				CLANG_WARN_INFINITE_RECURSION = YES;
				CLANG_WARN_INT_CONVERSION = YES;
				CLANG_WARN_NON_LITERAL_NULL_CONVERSION = YES;
				CLANG_WARN_OBJC_LITERAL_CONVERSION = YES;
				CLANG_WARN_OBJC_ROOT_CLASS = YES_ERROR;
				CLANG_WARN_RANGE_LOOP_ANALYSIS = YES;
				CLANG_WARN_STRICT_PROTOTYPES = YES;
				CLANG_WARN_SUSPICIOUS_MOVE = YES;
				CLANG_WARN_UNGUARDED_AVAILABILITY = YES_AGGRESSIVE;
				CLANG_WARN_UNREACHABLE_CODE = YES;
				CLANG_WARN__DUPLICATE_METHOD_MATCH = YES;
				CODE_SIGN_IDENTITY = "-";
				COPY_PHASE_STRIP = NO;
				DEBUG_INFORMATION_FORMAT = "dwarf-with-dsym";
				ENABLE_NS_ASSERTIONS = NO;
				ENABLE_STRICT_OBJC_MSGSEND = YES;
				GCC_C_LANGUAGE_STANDARD = gnu11;
				GCC_NO_COMMON_BLOCKS = YES;
				GCC_WARN_64_TO_32_BIT_CONVERSION = YES;
				GCC_WARN_ABOUT_RETURN_TYPE = YES_ERROR;
				GCC_WARN_UNDECLARED_SELECTOR = YES;
				GCC_WARN_UNINITIALIZED_AUTOS = YES_AGGRESSIVE;
				GCC_WARN_UNUSED_FUNCTION = YES;
				GCC_WARN_UNUSED_VARIABLE = YES;
				MACOSX_DEPLOYMENT_TARGET = 10.13;
				MTL_ENABLE_DEBUG_INFO = NO;
				SDKROOT = macosx;
			};
			name = Release;
		};
		A22A18021FBBB138007D1FE5 /* Debug */ = {
			isa = XCBuildConfiguration;
			buildSettings = {
				CLANG_CXX_LANGUAGE_STANDARD = "c++0x";
				CODE_SIGN_STYLE = Automatic;
				PRODUCT_NAME = "$(TARGET_NAME)";
			};
			name = Debug;
		};
		A22A18031FBBB138007D1FE5 /* Release */ = {
			isa = XCBuildConfiguration;
			buildSettings = {
				CLANG_CXX_LANGUAGE_STANDARD = "c++0x";
				CODE_SIGN_STYLE = Automatic;
				PRODUCT_NAME = "$(TARGET_NAME)";
			};
			name = Release;
		};
/* End XCBuildConfiguration section */

/* Begin XCConfigurationList section */
		A22A17F51FBBB138007D1FE5 /* Build configuration list for PBXProject "lab5_dnstree" */ = {
			isa = XCConfigurationList;
			buildConfigurations = (
				A22A17FF1FBBB138007D1FE5 /* Debug */,
				A22A18001FBBB138007D1FE5 /* Release */,
			);
			defaultConfigurationIsVisible = 0;
			defaultConfigurationName = Release;
		};
		A22A18011FBBB138007D1FE5 /* Build configuration list for PBXNativeTarget "lab5_dnstree" */ = {
			isa = XCConfigurationList;
			buildConfigurations = (
				A22A18021FBBB138007D1FE5 /* Debug */,
				A22A18031FBBB138007D1FE5 /* Release */,
			);
			defaultConfigurationIsVisible = 0;
			defaultConfigurationName = Release;
		};
/* End XCConfigurationList section */
	};
	rootObject = A22A17F21FBBB138007D1FE5 /* Project object */;
}
